// !$*UTF8*$!
{
	archiveVersion = 1;
	classes = {
	};
	objectVersion = 50;
	objects = {

/* Begin PBXBuildFile section */
		49A4485141EF35E70A846326 /* Pods_02_ObservableCreate.framework in Frameworks */ = {isa = PBXBuildFile; fileRef = EEEA997AC33833CDEDA476F5 /* Pods_02_ObservableCreate.framework */; };
		65547821215F8BD600DA7BE9 /* AppDelegate.swift in Sources */ = {isa = PBXBuildFile; fileRef = 65547820215F8BD600DA7BE9 /* AppDelegate.swift */; };
		65547823215F8BD600DA7BE9 /* ViewController.swift in Sources */ = {isa = PBXBuildFile; fileRef = 65547822215F8BD600DA7BE9 /* ViewController.swift */; };
		65547826215F8BD600DA7BE9 /* Main.storyboard in Resources */ = {isa = PBXBuildFile; fileRef = 65547824215F8BD600DA7BE9 /* Main.storyboard */; };
		65547828215F8BD700DA7BE9 /* Assets.xcassets in Resources */ = {isa = PBXBuildFile; fileRef = 65547827215F8BD700DA7BE9 /* Assets.xcassets */; };
		6554782B215F8BD700DA7BE9 /* LaunchScreen.storyboard in Resources */ = {isa = PBXBuildFile; fileRef = 65547829215F8BD700DA7BE9 /* LaunchScreen.storyboard */; };
/* End PBXBuildFile section */

/* Begin PBXFileReference section */
		3048DA5C3D5C3FA000492FCF /* Pods-02_ObservableCreate.debug.xcconfig */ = {isa = PBXFileReference; includeInIndex = 1; lastKnownFileType = text.xcconfig; name = "Pods-02_ObservableCreate.debug.xcconfig"; path = "Pods/Target Support Files/Pods-02_ObservableCreate/Pods-02_ObservableCreate.debug.xcconfig"; sourceTree = "<group>"; };
		6554781D215F8BD600DA7BE9 /* 02_ObservableCreate.app */ = {isa = PBXFileReference; explicitFileType = wrapper.application; includeInIndex = 0; path = 02_ObservableCreate.app; sourceTree = BUILT_PRODUCTS_DIR; };
		65547820215F8BD600DA7BE9 /* AppDelegate.swift */ = {isa = PBXFileReference; lastKnownFileType = sourcecode.swift; path = AppDelegate.swift; sourceTree = "<group>"; };
		65547822215F8BD600DA7BE9 /* ViewController.swift */ = {isa = PBXFileReference; lastKnownFileType = sourcecode.swift; path = ViewController.swift; sourceTree = "<group>"; };
		65547825215F8BD600DA7BE9 /* Base */ = {isa = PBXFileReference; lastKnownFileType = file.storyboard; name = Base; path = Base.lproj/Main.storyboard; sourceTree = "<group>"; };
		65547827215F8BD700DA7BE9 /* Assets.xcassets */ = {isa = PBXFileReference; lastKnownFileType = folder.assetcatalog; path = Assets.xcassets; sourceTree = "<group>"; };
		6554782A215F8BD700DA7BE9 /* Base */ = {isa = PBXFileReference; lastKnownFileType = file.storyboard; name = Base; path = Base.lproj/LaunchScreen.storyboard; sourceTree = "<group>"; };
		6554782C215F8BD700DA7BE9 /* Info.plist */ = {isa = PBXFileReference; lastKnownFileType = text.plist.xml; path = Info.plist; sourceTree = "<group>"; };
		B226CCCCD2B5A39BA684711A /* Pods-02_ObservableCreate.release.xcconfig */ = {isa = PBXFileReference; includeInIndex = 1; lastKnownFileType = text.xcconfig; name = "Pods-02_ObservableCreate.release.xcconfig"; path = "Pods/Target Support Files/Pods-02_ObservableCreate/Pods-02_ObservableCreate.release.xcconfig"; sourceTree = "<group>"; };
		EEEA997AC33833CDEDA476F5 /* Pods_02_ObservableCreate.framework */ = {isa = PBXFileReference; explicitFileType = wrapper.framework; includeInIndex = 0; path = Pods_02_ObservableCreate.framework; sourceTree = BUILT_PRODUCTS_DIR; };
/* End PBXFileReference section */

/* Begin PBXFrameworksBuildPhase section */
		6554781A215F8BD600DA7BE9 /* Frameworks */ = {
			isa = PBXFrameworksBuildPhase;
			buildActionMask = 2147483647;
			files = (
				49A4485141EF35E70A846326 /* Pods_02_ObservableCreate.framework in Frameworks */,
			);
			runOnlyForDeploymentPostprocessing = 0;
		};
/* End PBXFrameworksBuildPhase section */

/* Begin PBXGroup section */
		65547814215F8BD600DA7BE9 = {
			isa = PBXGroup;
			children = (
				6554781F215F8BD600DA7BE9 /* 02_ObservableCreate */,
				6554781E215F8BD600DA7BE9 /* Products */,
				90789195E9CB6976A991909F /* Pods */,
				796F2D44E505C705542761EE /* Frameworks */,
			);
			sourceTree = "<group>";
		};
		6554781E215F8BD600DA7BE9 /* Products */ = {
			isa = PBXGroup;
			children = (
				6554781D215F8BD600DA7BE9 /* 02_ObservableCreate.app */,
			);
			name = Products;
			sourceTree = "<group>";
		};
		6554781F215F8BD600DA7BE9 /* 02_ObservableCreate */ = {
			isa = PBXGroup;
			children = (
				65547820215F8BD600DA7BE9 /* AppDelegate.swift */,
				65547822215F8BD600DA7BE9 /* ViewController.swift */,
				65547824215F8BD600DA7BE9 /* Main.storyboard */,
				65547827215F8BD700DA7BE9 /* Assets.xcassets */,
				65547829215F8BD700DA7BE9 /* LaunchScreen.storyboard */,
				6554782C215F8BD700DA7BE9 /* Info.plist */,
			);
			path = 02_ObservableCreate;
			sourceTree = "<group>";
		};
		796F2D44E505C705542761EE /* Frameworks */ = {
			isa = PBXGroup;
			children = (
				EEEA997AC33833CDEDA476F5 /* Pods_02_ObservableCreate.framework */,
			);
			name = Frameworks;
			sourceTree = "<group>";
		};
		90789195E9CB6976A991909F /* Pods */ = {
			isa = PBXGroup;
			children = (
				3048DA5C3D5C3FA000492FCF /* Pods-02_ObservableCreate.debug.xcconfig */,
				B226CCCCD2B5A39BA684711A /* Pods-02_ObservableCreate.release.xcconfig */,
			);
			name = Pods;
			sourceTree = "<group>";
		};
/* End PBXGroup section */

/* Begin PBXNativeTarget section */
		6554781C215F8BD600DA7BE9 /* 02_ObservableCreate */ = {
			isa = PBXNativeTarget;
			buildConfigurationList = 6554782F215F8BD700DA7BE9 /* Build configuration list for PBXNativeTarget "02_ObservableCreate" */;
			buildPhases = (
				252410285910C1228D4EBFA2 /* [CP] Check Pods Manifest.lock */,
				65547819215F8BD600DA7BE9 /* Sources */,
				6554781A215F8BD600DA7BE9 /* Frameworks */,
				6554781B215F8BD600DA7BE9 /* Resources */,
				5A7FFA3EF4778E289EB27799 /* [CP] Embed Pods Frameworks */,
			);
			buildRules = (
			);
			dependencies = (
			);
			name = 02_ObservableCreate;
			productName = 02_ObservableCreate;
			productReference = 6554781D215F8BD600DA7BE9 /* 02_ObservableCreate.app */;
			productType = "com.apple.product-type.application";
		};
/* End PBXNativeTarget section */

/* Begin PBXProject section */
		65547815215F8BD600DA7BE9 /* Project object */ = {
			isa = PBXProject;
			attributes = {
				LastSwiftUpdateCheck = 1000;
				LastUpgradeCheck = 1000;
				ORGANIZATIONNAME = "Jinu Kim";
				TargetAttributes = {
					6554781C215F8BD600DA7BE9 = {
						CreatedOnToolsVersion = 10.0;
					};
				};
			};
			buildConfigurationList = 65547818215F8BD600DA7BE9 /* Build configuration list for PBXProject "02_ObservableCreate" */;
			compatibilityVersion = "Xcode 9.3";
			developmentRegion = en;
			hasScannedForEncodings = 0;
			knownRegions = (
				en,
				Base,
			);
			mainGroup = 65547814215F8BD600DA7BE9;
			productRefGroup = 6554781E215F8BD600DA7BE9 /* Products */;
			projectDirPath = "";
			projectRoot = "";
			targets = (
				6554781C215F8BD600DA7BE9 /* 02_ObservableCreate */,
			);
		};
/* End PBXProject section */

/* Begin PBXResourcesBuildPhase section */
		6554781B215F8BD600DA7BE9 /* Resources */ = {
			isa = PBXResourcesBuildPhase;
			buildActionMask = 2147483647;
			files = (
				6554782B215F8BD700DA7BE9 /* LaunchScreen.storyboard in Resources */,
				65547828215F8BD700DA7BE9 /* Assets.xcassets in Resources */,
				65547826215F8BD600DA7BE9 /* Main.storyboard in Resources */,
			);
			runOnlyForDeploymentPostprocessing = 0;
		};
/* End PBXResourcesBuildPhase section */

/* Begin PBXShellScriptBuildPhase section */
		252410285910C1228D4EBFA2 /* [CP] Check Pods Manifest.lock */ = {
			isa = PBXShellScriptBuildPhase;
			buildActionMask = 2147483647;
			files = (
			);
			inputPaths = (
				"${PODS_PODFILE_DIR_PATH}/Podfile.lock",
				"${PODS_ROOT}/Manifest.lock",
			);
			name = "[CP] Check Pods Manifest.lock";
			outputPaths = (
				"$(DERIVED_FILE_DIR)/Pods-02_ObservableCreate-checkManifestLockResult.txt",
			);
			runOnlyForDeploymentPostprocessing = 0;
			shellPath = /bin/sh;
			shellScript = "diff \"${PODS_PODFILE_DIR_PATH}/Podfile.lock\" \"${PODS_ROOT}/Manifest.lock\" > /dev/null\nif [ $? != 0 ] ; then\n    # print error to STDERR\n    echo \"error: The sandbox is not in sync with the Podfile.lock. Run 'pod install' or update your CocoaPods installation.\" >&2\n    exit 1\nfi\n# This output is used by Xcode 'outputs' to avoid re-running this script phase.\necho \"SUCCESS\" > \"${SCRIPT_OUTPUT_FILE_0}\"\n";
			showEnvVarsInLog = 0;
		};
		5A7FFA3EF4778E289EB27799 /* [CP] Embed Pods Frameworks */ = {
			isa = PBXShellScriptBuildPhase;
			buildActionMask = 2147483647;
			files = (
			);
			inputPaths = (
				"${SRCROOT}/Pods/Target Support Files/Pods-02_ObservableCreate/Pods-02_ObservableCreate-frameworks.sh",
				"${BUILT_PRODUCTS_DIR}/RxSwift/RxSwift.framework",
			);
			name = "[CP] Embed Pods Frameworks";
			outputPaths = (
				"${TARGET_BUILD_DIR}/${FRAMEWORKS_FOLDER_PATH}/RxSwift.framework",
			);
			runOnlyForDeploymentPostprocessing = 0;
			shellPath = /bin/sh;
			shellScript = "\"${SRCROOT}/Pods/Target Support Files/Pods-02_ObservableCreate/Pods-02_ObservableCreate-frameworks.sh\"\n";
			showEnvVarsInLog = 0;
		};
/* End PBXShellScriptBuildPhase section */

/* Begin PBXSourcesBuildPhase section */
		65547819215F8BD600DA7BE9 /* Sources */ = {
			isa = PBXSourcesBuildPhase;
			buildActionMask = 2147483647;
			files = (
				65547823215F8BD600DA7BE9 /* ViewController.swift in Sources */,
				65547821215F8BD600DA7BE9 /* AppDelegate.swift in Sources */,
			);
			runOnlyForDeploymentPostprocessing = 0;
		};
/* End PBXSourcesBuildPhase section */

/* Begin PBXVariantGroup section */
		65547824215F8BD600DA7BE9 /* Main.storyboard */ = {
			isa = PBXVariantGroup;
			children = (
				65547825215F8BD600DA7BE9 /* Base */,
			);
			name = Main.storyboard;
			sourceTree = "<group>";
		};
		65547829215F8BD700DA7BE9 /* LaunchScreen.storyboard */ = {
			isa = PBXVariantGroup;
			children = (
				6554782A215F8BD700DA7BE9 /* Base */,
			);
			name = LaunchScreen.storyboard;
			sourceTree = "<group>";
		};
/* End PBXVariantGroup section */

/* Begin XCBuildConfiguration section */
		6554782D215F8BD700DA7BE9 /* Debug */ = {
			isa = XCBuildConfiguration;
			buildSettings = {
				ALWAYS_SEARCH_USER_PATHS = NO;
				CLANG_ANALYZER_NONNULL = YES;
				CLANG_ANALYZER_NUMBER_OBJECT_CONVERSION = YES_AGGRESSIVE;
				CLANG_CXX_LANGUAGE_STANDARD = "gnu++14";
				CLANG_CXX_LIBRARY = "libc++";
				CLANG_ENABLE_MODULES = YES;
				CLANG_ENABLE_OBJC_ARC = YES;
				CLANG_ENABLE_OBJC_WEAK = YES;
				CLANG_WARN_BLOCK_CAPTURE_AUTORELEASING = YES;
				CLANG_WARN_BOOL_CONVERSION = YES;
				CLANG_WARN_COMMA = YES;
				CLANG_WARN_CONSTANT_CONVERSION = YES;
				CLANG_WARN_DEPRECATED_OBJC_IMPLEMENTATIONS = YES;
				CLANG_WARN_DIRECT_OBJC_ISA_USAGE = YES_ERROR;
				CLANG_WARN_DOCUMENTATION_COMMENTS = YES;
				CLANG_WARN_EMPTY_BODY = YES;
				CLANG_WARN_ENUM_CONVERSION = YES;
				CLANG_WARN_INFINITE_RECURSION = YES;
				CLANG_WARN_INT_CONVERSION = YES;
				CLANG_WARN_NON_LITERAL_NULL_CONVERSION = YES;
				CLANG_WARN_OBJC_IMPLICIT_RETAIN_SELF = YES;
				CLANG_WARN_OBJC_LITERAL_CONVERSION = YES;
				CLANG_WARN_OBJC_ROOT_CLASS = YES_ERROR;
				CLANG_WARN_RANGE_LOOP_ANALYSIS = YES;
				CLANG_WARN_STRICT_PROTOTYPES = YES;
				CLANG_WARN_SUSPICIOUS_MOVE = YES;
				CLANG_WARN_UNGUARDED_AVAILABILITY = YES_AGGRESSIVE;
				CLANG_WARN_UNREACHABLE_CODE = YES;
				CLANG_WARN__DUPLICATE_METHOD_MATCH = YES;
				CODE_SIGN_IDENTITY = "iPhone Developer";
				COPY_PHASE_STRIP = NO;
				DEBUG_INFORMATION_FORMAT = dwarf;
				ENABLE_STRICT_OBJC_MSGSEND = YES;
				ENABLE_TESTABILITY = YES;
				GCC_C_LANGUAGE_STANDARD = gnu11;
				GCC_DYNAMIC_NO_PIC = NO;
				GCC_NO_COMMON_BLOCKS = YES;
				GCC_OPTIMIZATION_LEVEL = 0;
				GCC_PREPROCESSOR_DEFINITIONS = (
					"DEBUG=1",
					"$(inherited)",
				);
				GCC_WARN_64_TO_32_BIT_CONVERSION = YES;
				GCC_WARN_ABOUT_RETURN_TYPE = YES_ERROR;
				GCC_WARN_UNDECLARED_SELECTOR = YES;
				GCC_WARN_UNINITIALIZED_AUTOS = YES_AGGRESSIVE;
				GCC_WARN_UNUSED_FUNCTION = YES;
				GCC_WARN_UNUSED_VARIABLE = YES;
				IPHONEOS_DEPLOYMENT_TARGET = 12.0;
				MTL_ENABLE_DEBUG_INFO = INCLUDE_SOURCE;
				MTL_FAST_MATH = YES;
				ONLY_ACTIVE_ARCH = YES;
				SDKROOT = iphoneos;
				SWIFT_ACTIVE_COMPILATION_CONDITIONS = DEBUG;
				SWIFT_OPTIMIZATION_LEVEL = "-Onone";
			};
			name = Debug;
		};
		6554782E215F8BD700DA7BE9 /* Release */ = {
			isa = XCBuildConfiguration;
			buildSettings = {
				ALWAYS_SEARCH_USER_PATHS = NO;
				CLANG_ANALYZER_NONNULL = YES;
				CLANG_ANALYZER_NUMBER_OBJECT_CONVERSION = YES_AGGRESSIVE;
				CLANG_CXX_LANGUAGE_STANDARD = "gnu++14";
				CLANG_CXX_LIBRARY = "libc++";
				CLANG_ENABLE_MODULES = YES;
				CLANG_ENABLE_OBJC_ARC = YES;
				CLANG_ENABLE_OBJC_WEAK = YES;
				CLANG_WARN_BLOCK_CAPTURE_AUTORELEASING = YES;
				CLANG_WARN_BOOL_CONVERSION = YES;
				CLANG_WARN_COMMA = YES;
				CLANG_WARN_CONSTANT_CONVERSION = YES;
				CLANG_WARN_DEPRECATED_OBJC_IMPLEMENTATIONS = YES;
				CLANG_WARN_DIRECT_OBJC_ISA_USAGE = YES_ERROR;
				CLANG_WARN_DOCUMENTATION_COMMENTS = YES;
				CLANG_WARN_EMPTY_BODY = YES;
				CLANG_WARN_ENUM_CONVERSION = YES;
				CLANG_WARN_INFINITE_RECURSION = YES;
				CLANG_WARN_INT_CONVERSION = YES;
				CLANG_WARN_NON_LITERAL_NULL_CONVERSION = YES;
				CLANG_WARN_OBJC_IMPLICIT_RETAIN_SELF = YES;
				CLANG_WARN_OBJC_LITERAL_CONVERSION = YES;
				CLANG_WARN_OBJC_ROOT_CLASS = YES_ERROR;
				CLANG_WARN_RANGE_LOOP_ANALYSIS = YES;
				CLANG_WARN_STRICT_PROTOTYPES = YES;
				CLANG_WARN_SUSPICIOUS_MOVE = YES;
				CLANG_WARN_UNGUARDED_AVAILABILITY = YES_AGGRESSIVE;
				CLANG_WARN_UNREACHABLE_CODE = YES;
				CLANG_WARN__DUPLICATE_METHOD_MATCH = YES;
				CODE_SIGN_IDENTITY = "iPhone Developer";
				COPY_PHASE_STRIP = NO;
				DEBUG_INFORMATION_FORMAT = "dwarf-with-dsym";
				ENABLE_NS_ASSERTIONS = NO;
				ENABLE_STRICT_OBJC_MSGSEND = YES;
				GCC_C_LANGUAGE_STANDARD = gnu11;
				GCC_NO_COMMON_BLOCKS = YES;
				GCC_WARN_64_TO_32_BIT_CONVERSION = YES;
				GCC_WARN_ABOUT_RETURN_TYPE = YES_ERROR;
				GCC_WARN_UNDECLARED_SELECTOR = YES;
				GCC_WARN_UNINITIALIZED_AUTOS = YES_AGGRESSIVE;
				GCC_WARN_UNUSED_FUNCTION = YES;
				GCC_WARN_UNUSED_VARIABLE = YES;
				IPHONEOS_DEPLOYMENT_TARGET = 12.0;
				MTL_ENABLE_DEBUG_INFO = NO;
				MTL_FAST_MATH = YES;
				SDKROOT = iphoneos;
				SWIFT_COMPILATION_MODE = wholemodule;
				SWIFT_OPTIMIZATION_LEVEL = "-O";
				VALIDATE_PRODUCT = YES;
			};
			name = Release;
		};
		65547830215F8BD700DA7BE9 /* Debug */ = {
			isa = XCBuildConfiguration;
			baseConfigurationReference = 3048DA5C3D5C3FA000492FCF /* Pods-02_ObservableCreate.debug.xcconfig */;
			buildSettings = {
				ASSETCATALOG_COMPILER_APPICON_NAME = AppIcon;
				CODE_SIGN_STYLE = Automatic;
				DEVELOPMENT_TEAM = 5SS54HZR7B;
				INFOPLIST_FILE = 02_ObservableCreate/Info.plist;
				LD_RUNPATH_SEARCH_PATHS = (
					"$(inherited)",
					"@executable_path/Frameworks",
				);
				PRODUCT_BUNDLE_IDENTIFIER = "KakaoTocs.-2-ObservableCreate";
				PRODUCT_NAME = "$(TARGET_NAME)";
				SWIFT_VERSION = 4.2;
				TARGETED_DEVICE_FAMILY = "1,2";
			};
			name = Debug;
		};
		65547831215F8BD700DA7BE9 /* Release */ = {
			isa = XCBuildConfiguration;
			baseConfigurationReference = B226CCCCD2B5A39BA684711A /* Pods-02_ObservableCreate.release.xcconfig */;
			buildSettings = {
				ASSETCATALOG_COMPILER_APPICON_NAME = AppIcon;
				CODE_SIGN_STYLE = Automatic;
				DEVELOPMENT_TEAM = 5SS54HZR7B;
				INFOPLIST_FILE = 02_ObservableCreate/Info.plist;
				LD_RUNPATH_SEARCH_PATHS = (
					"$(inherited)",
					"@executable_path/Frameworks",
				);
				PRODUCT_BUNDLE_IDENTIFIER = "KakaoTocs.-2-ObservableCreate";
				PRODUCT_NAME = "$(TARGET_NAME)";
				SWIFT_VERSION = 4.2;
				TARGETED_DEVICE_FAMILY = "1,2";
			};
			name = Release;
		};
/* End XCBuildConfiguration section */

/* Begin XCConfigurationList section */
		65547818215F8BD600DA7BE9 /* Build configuration list for PBXProject "02_ObservableCreate" */ = {
			isa = XCConfigurationList;
			buildConfigurations = (
				6554782D215F8BD700DA7BE9 /* Debug */,
				6554782E215F8BD700DA7BE9 /* Release */,
			);
			defaultConfigurationIsVisible = 0;
			defaultConfigurationName = Release;
		};
		6554782F215F8BD700DA7BE9 /* Build configuration list for PBXNativeTarget "02_ObservableCreate" */ = {
			isa = XCConfigurationList;
			buildConfigurations = (
				65547830215F8BD700DA7BE9 /* Debug */,
				65547831215F8BD700DA7BE9 /* Release */,
			);
			defaultConfigurationIsVisible = 0;
			defaultConfigurationName = Release;
		};
/* End XCConfigurationList section */
	};
	rootObject = 65547815215F8BD600DA7BE9 /* Project object */;
}
