// !$*UTF8*$!
{
	archiveVersion = 1;
	classes = {
	};
	objectVersion = 50;
	objects = {

/* Begin PBXBuildFile section */
		5480B1B8A03E592671B31865 /* Pods_3_Networking.framework in Frameworks */ = {isa = PBXBuildFile; fileRef = C524A34003EB87BADB1B98A1 /* Pods_3_Networking.framework */; };
		6509475C2158A5C9005CE3F7 /* GithubEndpoint.swift in Sources */ = {isa = PBXBuildFile; fileRef = 6509475B2158A5C9005CE3F7 /* GithubEndpoint.swift */; };
		65BDB51E215896C9005365C6 /* AppDelegate.swift in Sources */ = {isa = PBXBuildFile; fileRef = 65BDB51D215896C9005365C6 /* AppDelegate.swift */; };
		65BDB520215896C9005365C6 /* IssueListViewController.swift in Sources */ = {isa = PBXBuildFile; fileRef = 65BDB51F215896C9005365C6 /* IssueListViewController.swift */; };
		65BDB523215896C9005365C6 /* Main.storyboard in Resources */ = {isa = PBXBuildFile; fileRef = 65BDB521215896C9005365C6 /* Main.storyboard */; };
		65BDB525215896CC005365C6 /* Assets.xcassets in Resources */ = {isa = PBXBuildFile; fileRef = 65BDB524215896CC005365C6 /* Assets.xcassets */; };
		65E052E82158BF17005CB574 /* Repository.swift in Sources */ = {isa = PBXBuildFile; fileRef = 65E052E72158BF17005CB574 /* Repository.swift */; };
		65E052EA2158BFB1005CB574 /* Issue.swift in Sources */ = {isa = PBXBuildFile; fileRef = 65E052E92158BFB1005CB574 /* Issue.swift */; };
		65E052EE2158C097005CB574 /* IssueTrackerModel.swift in Sources */ = {isa = PBXBuildFile; fileRef = 65E052ED2158C097005CB574 /* IssueTrackerModel.swift */; };
/* End PBXBuildFile section */

/* Begin PBXFileReference section */
		277B2D42F3D77CDB2160D659 /* Pods-3_Networking.release.xcconfig */ = {isa = PBXFileReference; includeInIndex = 1; lastKnownFileType = text.xcconfig; name = "Pods-3_Networking.release.xcconfig"; path = "Pods/Target Support Files/Pods-3_Networking/Pods-3_Networking.release.xcconfig"; sourceTree = "<group>"; };
		55B7E735387449AA55D83B2C /* Pods-3_Networking.debug.xcconfig */ = {isa = PBXFileReference; includeInIndex = 1; lastKnownFileType = text.xcconfig; name = "Pods-3_Networking.debug.xcconfig"; path = "Pods/Target Support Files/Pods-3_Networking/Pods-3_Networking.debug.xcconfig"; sourceTree = "<group>"; };
		6509475B2158A5C9005CE3F7 /* GithubEndpoint.swift */ = {isa = PBXFileReference; lastKnownFileType = sourcecode.swift; path = GithubEndpoint.swift; sourceTree = "<group>"; };
		65BDB51A215896C9005365C6 /* 3_Networking.app */ = {isa = PBXFileReference; explicitFileType = wrapper.application; includeInIndex = 0; path = 3_Networking.app; sourceTree = BUILT_PRODUCTS_DIR; };
		65BDB51D215896C9005365C6 /* AppDelegate.swift */ = {isa = PBXFileReference; lastKnownFileType = sourcecode.swift; path = AppDelegate.swift; sourceTree = "<group>"; };
		65BDB51F215896C9005365C6 /* IssueListViewController.swift */ = {isa = PBXFileReference; lastKnownFileType = sourcecode.swift; path = IssueListViewController.swift; sourceTree = "<group>"; };
		65BDB522215896C9005365C6 /* Base */ = {isa = PBXFileReference; lastKnownFileType = file.storyboard; name = Base; path = Base.lproj/Main.storyboard; sourceTree = "<group>"; };
		65BDB524215896CC005365C6 /* Assets.xcassets */ = {isa = PBXFileReference; lastKnownFileType = folder.assetcatalog; path = Assets.xcassets; sourceTree = "<group>"; };
		65BDB529215896CC005365C6 /* Info.plist */ = {isa = PBXFileReference; lastKnownFileType = text.plist.xml; path = Info.plist; sourceTree = "<group>"; };
		65E052E72158BF17005CB574 /* Repository.swift */ = {isa = PBXFileReference; lastKnownFileType = sourcecode.swift; path = Repository.swift; sourceTree = "<group>"; };
		65E052E92158BFB1005CB574 /* Issue.swift */ = {isa = PBXFileReference; lastKnownFileType = sourcecode.swift; path = Issue.swift; sourceTree = "<group>"; };
		65E052ED2158C097005CB574 /* IssueTrackerModel.swift */ = {isa = PBXFileReference; lastKnownFileType = sourcecode.swift; path = IssueTrackerModel.swift; sourceTree = "<group>"; };
		C524A34003EB87BADB1B98A1 /* Pods_3_Networking.framework */ = {isa = PBXFileReference; explicitFileType = wrapper.framework; includeInIndex = 0; path = Pods_3_Networking.framework; sourceTree = BUILT_PRODUCTS_DIR; };
/* End PBXFileReference section */

/* Begin PBXFrameworksBuildPhase section */
		65BDB517215896C9005365C6 /* Frameworks */ = {
			isa = PBXFrameworksBuildPhase;
			buildActionMask = 2147483647;
			files = (
				5480B1B8A03E592671B31865 /* Pods_3_Networking.framework in Frameworks */,
			);
			runOnlyForDeploymentPostprocessing = 0;
		};
/* End PBXFrameworksBuildPhase section */

/* Begin PBXGroup section */
		52ECF593314F051541E14E93 /* Frameworks */ = {
			isa = PBXGroup;
			children = (
				C524A34003EB87BADB1B98A1 /* Pods_3_Networking.framework */,
			);
			name = Frameworks;
			sourceTree = "<group>";
		};
		65BDB511215896C9005365C6 = {
			isa = PBXGroup;
			children = (
				65BDB51C215896C9005365C6 /* 3_Networking */,
				65BDB51B215896C9005365C6 /* Products */,
				682F984F4C1EF84209BAEB5F /* Pods */,
				52ECF593314F051541E14E93 /* Frameworks */,
			);
			sourceTree = "<group>";
		};
		65BDB51B215896C9005365C6 /* Products */ = {
			isa = PBXGroup;
			children = (
				65BDB51A215896C9005365C6 /* 3_Networking.app */,
			);
			name = Products;
			sourceTree = "<group>";
		};
		65BDB51C215896C9005365C6 /* 3_Networking */ = {
			isa = PBXGroup;
			children = (
				65BDB51D215896C9005365C6 /* AppDelegate.swift */,
				65BDB51F215896C9005365C6 /* IssueListViewController.swift */,
				65E052ED2158C097005CB574 /* IssueTrackerModel.swift */,
				6509475B2158A5C9005CE3F7 /* GithubEndpoint.swift */,
				65E052E72158BF17005CB574 /* Repository.swift */,
				65E052E92158BFB1005CB574 /* Issue.swift */,
				65BDB521215896C9005365C6 /* Main.storyboard */,
				65BDB524215896CC005365C6 /* Assets.xcassets */,
				65BDB529215896CC005365C6 /* Info.plist */,
			);
			path = 3_Networking;
			sourceTree = "<group>";
		};
		682F984F4C1EF84209BAEB5F /* Pods */ = {
			isa = PBXGroup;
			children = (
				55B7E735387449AA55D83B2C /* Pods-3_Networking.debug.xcconfig */,
				277B2D42F3D77CDB2160D659 /* Pods-3_Networking.release.xcconfig */,
			);
			name = Pods;
			sourceTree = "<group>";
		};
/* End PBXGroup section */

/* Begin PBXNativeTarget section */
		65BDB519215896C9005365C6 /* 3_Networking */ = {
			isa = PBXNativeTarget;
			buildConfigurationList = 65BDB52C215896CC005365C6 /* Build configuration list for PBXNativeTarget "3_Networking" */;
			buildPhases = (
				C93D9873F99EBAA640DE9E35 /* [CP] Check Pods Manifest.lock */,
				65BDB516215896C9005365C6 /* Sources */,
				65BDB517215896C9005365C6 /* Frameworks */,
				65BDB518215896C9005365C6 /* Resources */,
				B447A7342AD5610703DE2297 /* [CP] Embed Pods Frameworks */,
			);
			buildRules = (
			);
			dependencies = (
			);
			name = 3_Networking;
			productName = 3_Networking;
			productReference = 65BDB51A215896C9005365C6 /* 3_Networking.app */;
			productType = "com.apple.product-type.application";
		};
/* End PBXNativeTarget section */

/* Begin PBXProject section */
		65BDB512215896C9005365C6 /* Project object */ = {
			isa = PBXProject;
			attributes = {
				LastSwiftUpdateCheck = 1000;
				LastUpgradeCheck = 1000;
				ORGANIZATIONNAME = "Jinu Kim";
				TargetAttributes = {
					65BDB519215896C9005365C6 = {
						CreatedOnToolsVersion = 10.0;
					};
				};
			};
			buildConfigurationList = 65BDB515215896C9005365C6 /* Build configuration list for PBXProject "3_Networking" */;
			compatibilityVersion = "Xcode 9.3";
			developmentRegion = en;
			hasScannedForEncodings = 0;
			knownRegions = (
				en,
				Base,
			);
			mainGroup = 65BDB511215896C9005365C6;
			productRefGroup = 65BDB51B215896C9005365C6 /* Products */;
			projectDirPath = "";
			projectRoot = "";
			targets = (
				65BDB519215896C9005365C6 /* 3_Networking */,
			);
		};
/* End PBXProject section */

/* Begin PBXResourcesBuildPhase section */
		65BDB518215896C9005365C6 /* Resources */ = {
			isa = PBXResourcesBuildPhase;
			buildActionMask = 2147483647;
			files = (
				65BDB525215896CC005365C6 /* Assets.xcassets in Resources */,
				65BDB523215896C9005365C6 /* Main.storyboard in Resources */,
			);
			runOnlyForDeploymentPostprocessing = 0;
		};
/* End PBXResourcesBuildPhase section */

/* Begin PBXShellScriptBuildPhase section */
		B447A7342AD5610703DE2297 /* [CP] Embed Pods Frameworks */ = {
			isa = PBXShellScriptBuildPhase;
			buildActionMask = 2147483647;
			files = (
			);
			inputPaths = (
				"${SRCROOT}/Pods/Target Support Files/Pods-3_Networking/Pods-3_Networking-frameworks.sh",
				"${BUILT_PRODUCTS_DIR}/Alamofire/Alamofire.framework",
				"${BUILT_PRODUCTS_DIR}/ModelMapper/Mapper.framework",
				"${BUILT_PRODUCTS_DIR}/Moya/Moya.framework",
				"${BUILT_PRODUCTS_DIR}/Moya-ModelMapper/Moya_ModelMapper.framework",
				"${BUILT_PRODUCTS_DIR}/Result/Result.framework",
				"${BUILT_PRODUCTS_DIR}/RxCocoa/RxCocoa.framework",
				"${BUILT_PRODUCTS_DIR}/RxOptional/RxOptional.framework",
				"${BUILT_PRODUCTS_DIR}/RxSwift/RxSwift.framework",
			);
			name = "[CP] Embed Pods Frameworks";
			outputPaths = (
				"${TARGET_BUILD_DIR}/${FRAMEWORKS_FOLDER_PATH}/Alamofire.framework",
				"${TARGET_BUILD_DIR}/${FRAMEWORKS_FOLDER_PATH}/Mapper.framework",
				"${TARGET_BUILD_DIR}/${FRAMEWORKS_FOLDER_PATH}/Moya.framework",
				"${TARGET_BUILD_DIR}/${FRAMEWORKS_FOLDER_PATH}/Moya_ModelMapper.framework",
				"${TARGET_BUILD_DIR}/${FRAMEWORKS_FOLDER_PATH}/Result.framework",
				"${TARGET_BUILD_DIR}/${FRAMEWORKS_FOLDER_PATH}/RxCocoa.framework",
				"${TARGET_BUILD_DIR}/${FRAMEWORKS_FOLDER_PATH}/RxOptional.framework",
				"${TARGET_BUILD_DIR}/${FRAMEWORKS_FOLDER_PATH}/RxSwift.framework",
			);
			runOnlyForDeploymentPostprocessing = 0;
			shellPath = /bin/sh;
			shellScript = "\"${SRCROOT}/Pods/Target Support Files/Pods-3_Networking/Pods-3_Networking-frameworks.sh\"\n";
			showEnvVarsInLog = 0;
		};
		C93D9873F99EBAA640DE9E35 /* [CP] Check Pods Manifest.lock */ = {
			isa = PBXShellScriptBuildPhase;
			buildActionMask = 2147483647;
			files = (
			);
			inputPaths = (
				"${PODS_PODFILE_DIR_PATH}/Podfile.lock",
				"${PODS_ROOT}/Manifest.lock",
			);
			name = "[CP] Check Pods Manifest.lock";
			outputPaths = (
				"$(DERIVED_FILE_DIR)/Pods-3_Networking-checkManifestLockResult.txt",
			);
			runOnlyForDeploymentPostprocessing = 0;
			shellPath = /bin/sh;
			shellScript = "diff \"${PODS_PODFILE_DIR_PATH}/Podfile.lock\" \"${PODS_ROOT}/Manifest.lock\" > /dev/null\nif [ $? != 0 ] ; then\n    # print error to STDERR\n    echo \"error: The sandbox is not in sync with the Podfile.lock. Run 'pod install' or update your CocoaPods installation.\" >&2\n    exit 1\nfi\n# This output is used by Xcode 'outputs' to avoid re-running this script phase.\necho \"SUCCESS\" > \"${SCRIPT_OUTPUT_FILE_0}\"\n";
			showEnvVarsInLog = 0;
		};
/* End PBXShellScriptBuildPhase section */

/* Begin PBXSourcesBuildPhase section */
		65BDB516215896C9005365C6 /* Sources */ = {
			isa = PBXSourcesBuildPhase;
			buildActionMask = 2147483647;
			files = (
				65E052EA2158BFB1005CB574 /* Issue.swift in Sources */,
				65BDB520215896C9005365C6 /* IssueListViewController.swift in Sources */,
				6509475C2158A5C9005CE3F7 /* GithubEndpoint.swift in Sources */,
				65BDB51E215896C9005365C6 /* AppDelegate.swift in Sources */,
				65E052EE2158C097005CB574 /* IssueTrackerModel.swift in Sources */,
				65E052E82158BF17005CB574 /* Repository.swift in Sources */,
			);
			runOnlyForDeploymentPostprocessing = 0;
		};
/* End PBXSourcesBuildPhase section */

/* Begin PBXVariantGroup section */
		65BDB521215896C9005365C6 /* Main.storyboard */ = {
			isa = PBXVariantGroup;
			children = (
				65BDB522215896C9005365C6 /* Base */,
			);
			name = Main.storyboard;
			sourceTree = "<group>";
		};
/* End PBXVariantGroup section */

/* Begin XCBuildConfiguration section */
		65BDB52A215896CC005365C6 /* Debug */ = {
			isa = XCBuildConfiguration;
			buildSettings = {
				ALWAYS_SEARCH_USER_PATHS = NO;
				CLANG_ANALYZER_NONNULL = YES;
				CLANG_ANALYZER_NUMBER_OBJECT_CONVERSION = YES_AGGRESSIVE;
				CLANG_CXX_LANGUAGE_STANDARD = "gnu++14";
				CLANG_CXX_LIBRARY = "libc++";
				CLANG_ENABLE_MODULES = YES;
				CLANG_ENABLE_OBJC_ARC = YES;
				CLANG_ENABLE_OBJC_WEAK = YES;
				CLANG_WARN_BLOCK_CAPTURE_AUTORELEASING = YES;
				CLANG_WARN_BOOL_CONVERSION = YES;
				CLANG_WARN_COMMA = YES;
				CLANG_WARN_CONSTANT_CONVERSION = YES;
				CLANG_WARN_DEPRECATED_OBJC_IMPLEMENTATIONS = YES;
				CLANG_WARN_DIRECT_OBJC_ISA_USAGE = YES_ERROR;
				CLANG_WARN_DOCUMENTATION_COMMENTS = YES;
				CLANG_WARN_EMPTY_BODY = YES;
				CLANG_WARN_ENUM_CONVERSION = YES;
				CLANG_WARN_INFINITE_RECURSION = YES;
				CLANG_WARN_INT_CONVERSION = YES;
				CLANG_WARN_NON_LITERAL_NULL_CONVERSION = YES;
				CLANG_WARN_OBJC_IMPLICIT_RETAIN_SELF = YES;
				CLANG_WARN_OBJC_LITERAL_CONVERSION = YES;
				CLANG_WARN_OBJC_ROOT_CLASS = YES_ERROR;
				CLANG_WARN_RANGE_LOOP_ANALYSIS = YES;
				CLANG_WARN_STRICT_PROTOTYPES = YES;
				CLANG_WARN_SUSPICIOUS_MOVE = YES;
				CLANG_WARN_UNGUARDED_AVAILABILITY = YES_AGGRESSIVE;
				CLANG_WARN_UNREACHABLE_CODE = YES;
				CLANG_WARN__DUPLICATE_METHOD_MATCH = YES;
				CODE_SIGN_IDENTITY = "iPhone Developer";
				COPY_PHASE_STRIP = NO;
				DEBUG_INFORMATION_FORMAT = dwarf;
				ENABLE_STRICT_OBJC_MSGSEND = YES;
				ENABLE_TESTABILITY = YES;
				GCC_C_LANGUAGE_STANDARD = gnu11;
				GCC_DYNAMIC_NO_PIC = NO;
				GCC_NO_COMMON_BLOCKS = YES;
				GCC_OPTIMIZATION_LEVEL = 0;
				GCC_PREPROCESSOR_DEFINITIONS = (
					"DEBUG=1",
					"$(inherited)",
				);
				GCC_WARN_64_TO_32_BIT_CONVERSION = YES;
				GCC_WARN_ABOUT_RETURN_TYPE = YES_ERROR;
				GCC_WARN_UNDECLARED_SELECTOR = YES;
				GCC_WARN_UNINITIALIZED_AUTOS = YES_AGGRESSIVE;
				GCC_WARN_UNUSED_FUNCTION = YES;
				GCC_WARN_UNUSED_VARIABLE = YES;
				IPHONEOS_DEPLOYMENT_TARGET = 12.0;
				MTL_ENABLE_DEBUG_INFO = INCLUDE_SOURCE;
				MTL_FAST_MATH = YES;
				ONLY_ACTIVE_ARCH = YES;
				SDKROOT = iphoneos;
				SWIFT_ACTIVE_COMPILATION_CONDITIONS = DEBUG;
				SWIFT_OPTIMIZATION_LEVEL = "-Onone";
			};
			name = Debug;
		};
		65BDB52B215896CC005365C6 /* Release */ = {
			isa = XCBuildConfiguration;
			buildSettings = {
				ALWAYS_SEARCH_USER_PATHS = NO;
				CLANG_ANALYZER_NONNULL = YES;
				CLANG_ANALYZER_NUMBER_OBJECT_CONVERSION = YES_AGGRESSIVE;
				CLANG_CXX_LANGUAGE_STANDARD = "gnu++14";
				CLANG_CXX_LIBRARY = "libc++";
				CLANG_ENABLE_MODULES = YES;
				CLANG_ENABLE_OBJC_ARC = YES;
				CLANG_ENABLE_OBJC_WEAK = YES;
				CLANG_WARN_BLOCK_CAPTURE_AUTORELEASING = YES;
				CLANG_WARN_BOOL_CONVERSION = YES;
				CLANG_WARN_COMMA = YES;
				CLANG_WARN_CONSTANT_CONVERSION = YES;
				CLANG_WARN_DEPRECATED_OBJC_IMPLEMENTATIONS = YES;
				CLANG_WARN_DIRECT_OBJC_ISA_USAGE = YES_ERROR;
				CLANG_WARN_DOCUMENTATION_COMMENTS = YES;
				CLANG_WARN_EMPTY_BODY = YES;
				CLANG_WARN_ENUM_CONVERSION = YES;
				CLANG_WARN_INFINITE_RECURSION = YES;
				CLANG_WARN_INT_CONVERSION = YES;
				CLANG_WARN_NON_LITERAL_NULL_CONVERSION = YES;
				CLANG_WARN_OBJC_IMPLICIT_RETAIN_SELF = YES;
				CLANG_WARN_OBJC_LITERAL_CONVERSION = YES;
				CLANG_WARN_OBJC_ROOT_CLASS = YES_ERROR;
				CLANG_WARN_RANGE_LOOP_ANALYSIS = YES;
				CLANG_WARN_STRICT_PROTOTYPES = YES;
				CLANG_WARN_SUSPICIOUS_MOVE = YES;
				CLANG_WARN_UNGUARDED_AVAILABILITY = YES_AGGRESSIVE;
				CLANG_WARN_UNREACHABLE_CODE = YES;
				CLANG_WARN__DUPLICATE_METHOD_MATCH = YES;
				CODE_SIGN_IDENTITY = "iPhone Developer";
				COPY_PHASE_STRIP = NO;
				DEBUG_INFORMATION_FORMAT = "dwarf-with-dsym";
				ENABLE_NS_ASSERTIONS = NO;
				ENABLE_STRICT_OBJC_MSGSEND = YES;
				GCC_C_LANGUAGE_STANDARD = gnu11;
				GCC_NO_COMMON_BLOCKS = YES;
				GCC_WARN_64_TO_32_BIT_CONVERSION = YES;
				GCC_WARN_ABOUT_RETURN_TYPE = YES_ERROR;
				GCC_WARN_UNDECLARED_SELECTOR = YES;
				GCC_WARN_UNINITIALIZED_AUTOS = YES_AGGRESSIVE;
				GCC_WARN_UNUSED_FUNCTION = YES;
				GCC_WARN_UNUSED_VARIABLE = YES;
				IPHONEOS_DEPLOYMENT_TARGET = 12.0;
				MTL_ENABLE_DEBUG_INFO = NO;
				MTL_FAST_MATH = YES;
				SDKROOT = iphoneos;
				SWIFT_COMPILATION_MODE = wholemodule;
				SWIFT_OPTIMIZATION_LEVEL = "-O";
				VALIDATE_PRODUCT = YES;
			};
			name = Release;
		};
		65BDB52D215896CC005365C6 /* Debug */ = {
			isa = XCBuildConfiguration;
			baseConfigurationReference = 55B7E735387449AA55D83B2C /* Pods-3_Networking.debug.xcconfig */;
			buildSettings = {
				ASSETCATALOG_COMPILER_APPICON_NAME = AppIcon;
				CODE_SIGN_STYLE = Automatic;
				DEVELOPMENT_TEAM = 5SS54HZR7B;
				INFOPLIST_FILE = 3_Networking/Info.plist;
				LD_RUNPATH_SEARCH_PATHS = (
					"$(inherited)",
					"@executable_path/Frameworks",
				);
				PRODUCT_BUNDLE_IDENTIFIER = "KakaoTocs.--Networking";
				PRODUCT_NAME = "$(TARGET_NAME)";
				SWIFT_VERSION = 4.2;
				TARGETED_DEVICE_FAMILY = "1,2";
			};
			name = Debug;
		};
		65BDB52E215896CC005365C6 /* Release */ = {
			isa = XCBuildConfiguration;
			baseConfigurationReference = 277B2D42F3D77CDB2160D659 /* Pods-3_Networking.release.xcconfig */;
			buildSettings = {
				ASSETCATALOG_COMPILER_APPICON_NAME = AppIcon;
				CODE_SIGN_STYLE = Automatic;
				DEVELOPMENT_TEAM = 5SS54HZR7B;
				INFOPLIST_FILE = 3_Networking/Info.plist;
				LD_RUNPATH_SEARCH_PATHS = (
					"$(inherited)",
					"@executable_path/Frameworks",
				);
				PRODUCT_BUNDLE_IDENTIFIER = "KakaoTocs.--Networking";
				PRODUCT_NAME = "$(TARGET_NAME)";
				SWIFT_VERSION = 4.2;
				TARGETED_DEVICE_FAMILY = "1,2";
			};
			name = Release;
		};
/* End XCBuildConfiguration section */

/* Begin XCConfigurationList section */
		65BDB515215896C9005365C6 /* Build configuration list for PBXProject "3_Networking" */ = {
			isa = XCConfigurationList;
			buildConfigurations = (
				65BDB52A215896CC005365C6 /* Debug */,
				65BDB52B215896CC005365C6 /* Release */,
			);
			defaultConfigurationIsVisible = 0;
			defaultConfigurationName = Release;
		};
		65BDB52C215896CC005365C6 /* Build configuration list for PBXNativeTarget "3_Networking" */ = {
			isa = XCConfigurationList;
			buildConfigurations = (
				65BDB52D215896CC005365C6 /* Debug */,
				65BDB52E215896CC005365C6 /* Release */,
			);
			defaultConfigurationIsVisible = 0;
			defaultConfigurationName = Release;
		};
/* End XCConfigurationList section */
	};
	rootObject = 65BDB512215896C9005365C6 /* Project object */;
}
